
Microsoft Visual Studio Solution File, Format Version 12.00
# Visual Studio Version 16
VisualStudioVersion = 16.0.29209.62
MinimumVisualStudioVersion = 10.0.40219.1
Project("{9A19103F-16F7-4668-BE54-9A1E7A4F7556}") = "BinaryTree", "BinaryTree\BinaryTree.csproj", "{30AE7953-29EC-4B39-915A-38B0DD14BAE6}"
EndProject
Project("{9A19103F-16F7-4668-BE54-9A1E7A4F7556}") = "SortedArray", "SortedArray\SortedArray.csproj", "{2E0DA5B0-9059-4F0B-BC98-CEAE85F14756}"
EndProject
Project("{FAE04EC0-301F-11D3-BF4B-00C04F79EFBC}") = "GreatestProductOf20x20", "GreatestProductOf20x20\GreatestProductOf20x20.csproj", "{F43EDA2B-264B-4509-B542-22D599C370F3}"
EndProject
Global
	GlobalSection(SolutionConfigurationPlatforms) = preSolution
		Debug|Any CPU = Debug|Any CPU
		Release|Any CPU = Release|Any CPU
	EndGlobalSection
	GlobalSection(ProjectConfigurationPlatforms) = postSolution
		{30AE7953-29EC-4B39-915A-38B0DD14BAE6}.Debug|Any CPU.ActiveCfg = Debug|Any CPU
		{30AE7953-29EC-4B39-915A-38B0DD14BAE6}.Debug|Any CPU.Build.0 = Debug|Any CPU
		{30AE7953-29EC-4B39-915A-38B0DD14BAE6}.Release|Any CPU.ActiveCfg = Release|Any CPU
		{30AE7953-29EC-4B39-915A-38B0DD14BAE6}.Release|Any CPU.Build.0 = Release|Any CPU
		{2E0DA5B0-9059-4F0B-BC98-CEAE85F14756}.Debug|Any CPU.ActiveCfg = Debug|Any CPU
		{2E0DA5B0-9059-4F0B-BC98-CEAE85F14756}.Debug|Any CPU.Build.0 = Debug|Any CPU
		{2E0DA5B0-9059-4F0B-BC98-CEAE85F14756}.Release|Any CPU.ActiveCfg = Release|Any CPU
		{2E0DA5B0-9059-4F0B-BC98-CEAE85F14756}.Release|Any CPU.Build.0 = Release|Any CPU
		{F43EDA2B-264B-4509-B542-22D599C370F3}.Debug|Any CPU.ActiveCfg = Debug|Any CPU
		{F43EDA2B-264B-4509-B542-22D599C370F3}.Debug|Any CPU.Build.0 = Debug|Any CPU
		{F43EDA2B-264B-4509-B542-22D599C370F3}.Release|Any CPU.ActiveCfg = Release|Any CPU
		{F43EDA2B-264B-4509-B542-22D599C370F3}.Release|Any CPU.Build.0 = Release|Any CPU
	EndGlobalSection
	GlobalSection(SolutionProperties) = preSolution
		HideSolutionNode = FALSE
	EndGlobalSection
	GlobalSection(ExtensibilityGlobals) = postSolution
		SolutionGuid = {8F706514-DAAE-40B4-A614-046F98230437}
	EndGlobalSection
EndGlobal
